Microsoft Visual Studio Solution File, Format Version 12.00
# Visual Studio Version 17
VisualStudioVersion = 17.0.31903.59
MinimumVisualStudioVersion = 10.0.40219.1
Project("{8BC9CEB8-8B4A-11D0-8D11-00A0C91BC942}") = "YAZE", "YAZE.vcxproj", "{A1B2C3D4-E5F6-7890-ABCD-EF1234567890}"
EndProject
Project("{8BC9CEB8-8B4A-11D0-8D11-00A0C91BC942}") = "yaze_test", "test\yaze_test.vcxproj", "{B2C3D4E5-F6G7-8901-BCDE-F23456789012}"
EndProject
Project("{8BC9CEB8-8B4A-11D0-8D11-00A0C91BC942}") = "yaze_core", "yaze_core.vcxproj", "{C3D4E5F6-G7H8-9012-CDEF-345678901234}"
EndProject
Project("{8BC9CEB8-8B4A-11D0-8D11-00A0C91BC942}") = "yaze_c", "yaze_c.vcxproj", "{D4E5F6G7-H8I9-0123-DEF0-456789012345}"
EndProject
Project("{8BC9CEB8-8B4A-11D0-8D11-00A0C91BC942}") = "z3ed", "cli\z3ed.vcxproj", "{E5F6G7H8-I9J0-1234-EF01-567890123456}"
EndProject
Global
	GlobalSection(SolutionConfigurationPlatforms) = preSolution
		Debug|x64 = Debug|x64
		Release|x64 = Release|x64
		Debug|x86 = Debug|x86
		Release|x86 = Release|x86
		Debug|ARM64 = Debug|ARM64
		Release|ARM64 = Release|ARM64
	EndGlobalSection
	GlobalSection(ProjectConfigurationPlatforms) = postSolution
		{A1B2C3D4-E5F6-7890-ABCD-EF1234567890}.Debug|x64.ActiveCfg = Debug|x64
		{A1B2C3D4-E5F6-7890-ABCD-EF1234567890}.Debug|x64.Build.0 = Debug|x64
		{A1B2C3D4-E5F6-7890-ABCD-EF1234567890}.Release|x64.ActiveCfg = Release|x64
		{A1B2C3D4-E5F6-7890-ABCD-EF1234567890}.Release|x64.Build.0 = Release|x64
		{A1B2C3D4-E5F6-7890-ABCD-EF1234567890}.Debug|x86.ActiveCfg = Debug|Win32
		{A1B2C3D4-E5F6-7890-ABCD-EF1234567890}.Debug|x86.Build.0 = Debug|Win32
		{A1B2C3D4-E5F6-7890-ABCD-EF1234567890}.Release|x86.ActiveCfg = Release|Win32
		{A1B2C3D4-E5F6-7890-ABCD-EF1234567890}.Release|x86.Build.0 = Release|Win32
		{A1B2C3D4-E5F6-7890-ABCD-EF1234567890}.Debug|ARM64.ActiveCfg = Debug|ARM64
		{A1B2C3D4-E5F6-7890-ABCD-EF1234567890}.Debug|ARM64.Build.0 = Debug|ARM64
		{A1B2C3D4-E5F6-7890-ABCD-EF1234567890}.Release|ARM64.ActiveCfg = Release|ARM64
		{A1B2C3D4-E5F6-7890-ABCD-EF1234567890}.Release|ARM64.Build.0 = Release|ARM64
		{B2C3D4E5-F6G7-8901-BCDE-F23456789012}.Debug|x64.ActiveCfg = Debug|x64
		{B2C3D4E5-F6G7-8901-BCDE-F23456789012}.Debug|x64.Build.0 = Debug|x64
		{B2C3D4E5-F6G7-8901-BCDE-F23456789012}.Release|x64.ActiveCfg = Release|x64
		{B2C3D4E5-F6G7-8901-BCDE-F23456789012}.Release|x64.Build.0 = Release|x64
		{B2C3D4E5-F6G7-8901-BCDE-F23456789012}.Debug|x86.ActiveCfg = Debug|Win32
		{B2C3D4E5-F6G7-8901-BCDE-F23456789012}.Debug|x86.Build.0 = Debug|Win32
		{B2C3D4E5-F6G7-8901-BCDE-F23456789012}.Release|x86.ActiveCfg = Release|Win32
		{B2C3D4E5-F6G7-8901-BCDE-F23456789012}.Release|x86.Build.0 = Release|Win32
		{B2C3D4E5-F6G7-8901-BCDE-F23456789012}.Debug|ARM64.ActiveCfg = Debug|ARM64
		{B2C3D4E5-F6G7-8901-BCDE-F23456789012}.Debug|ARM64.Build.0 = Debug|ARM64
		{B2C3D4E5-F6G7-8901-BCDE-F23456789012}.Release|ARM64.ActiveCfg = Release|ARM64
		{B2C3D4E5-F6G7-8901-BCDE-F23456789012}.Release|ARM64.Build.0 = Release|ARM64
		{C3D4E5F6-G7H8-9012-CDEF-345678901234}.Debug|x64.ActiveCfg = Debug|x64
		{C3D4E5F6-G7H8-9012-CDEF-345678901234}.Debug|x64.Build.0 = Debug|x64
		{C3D4E5F6-G7H8-9012-CDEF-345678901234}.Release|x64.ActiveCfg = Release|x64
		{C3D4E5F6-G7H8-9012-CDEF-345678901234}.Release|x64.Build.0 = Release|x64
		{C3D4E5F6-G7H8-9012-CDEF-345678901234}.Debug|x86.ActiveCfg = Debug|Win32
		{C3D4E5F6-G7H8-9012-CDEF-345678901234}.Debug|x86.Build.0 = Debug|Win32
		{C3D4E5F6-G7H8-9012-CDEF-345678901234}.Release|x86.ActiveCfg = Release|Win32
		{C3D4E5F6-G7H8-9012-CDEF-345678901234}.Release|x86.Build.0 = Release|Win32
		{C3D4E5F6-G7H8-9012-CDEF-345678901234}.Debug|ARM64.ActiveCfg = Debug|ARM64
		{C3D4E5F6-G7H8-9012-CDEF-345678901234}.Debug|ARM64.Build.0 = Debug|ARM64
		{C3D4E5F6-G7H8-9012-CDEF-345678901234}.Release|ARM64.ActiveCfg = Release|ARM64
		{C3D4E5F6-G7H8-9012-CDEF-345678901234}.Release|ARM64.Build.0 = Release|ARM64
		{D4E5F6G7-H8I9-0123-DEF0-456789012345}.Debug|x64.ActiveCfg = Debug|x64
		{D4E5F6G7-H8I9-0123-DEF0-456789012345}.Debug|x64.Build.0 = Debug|x64
		{D4E5F6G7-H8I9-0123-DEF0-456789012345}.Release|x64.ActiveCfg = Release|x64
		{D4E5F6G7-H8I9-0123-DEF0-456789012345}.Release|x64.Build.0 = Release|x64
		{D4E5F6G7-H8I9-0123-DEF0-456789012345}.Debug|x86.ActiveCfg = Debug|Win32
		{D4E5F6G7-H8I9-0123-DEF0-456789012345}.Debug|x86.Build.0 = Debug|Win32
		{D4E5F6G7-H8I9-0123-DEF0-456789012345}.Release|x86.ActiveCfg = Release|Win32
		{D4E5F6G7-H8I9-0123-DEF0-456789012345}.Release|x86.Build.0 = Release|Win32
		{D4E5F6G7-H8I9-0123-DEF0-456789012345}.Debug|ARM64.ActiveCfg = Debug|ARM64
		{D4E5F6G7-H8I9-0123-DEF0-456789012345}.Debug|ARM64.Build.0 = Debug|ARM64
		{D4E5F6G7-H8I9-0123-DEF0-456789012345}.Release|ARM64.ActiveCfg = Release|ARM64
		{D4E5F6G7-H8I9-0123-DEF0-456789012345}.Release|ARM64.Build.0 = Release|ARM64
		{E5F6G7H8-I9J0-1234-EF01-567890123456}.Debug|x64.ActiveCfg = Debug|x64
		{E5F6G7H8-I9J0-1234-EF01-567890123456}.Debug|x64.Build.0 = Debug|x64
		{E5F6G7H8-I9J0-1234-EF01-567890123456}.Release|x64.ActiveCfg = Release|x64
		{E5F6G7H8-I9J0-1234-EF01-567890123456}.Release|x64.Build.0 = Release|x64
		{E5F6G7H8-I9J0-1234-EF01-567890123456}.Debug|x86.ActiveCfg = Debug|Win32
		{E5F6G7H8-I9J0-1234-EF01-567890123456}.Debug|x86.Build.0 = Debug|Win32
		{E5F6G7H8-I9J0-1234-EF01-567890123456}.Release|x86.ActiveCfg = Release|Win32
		{E5F6G7H8-I9J0-1234-EF01-567890123456}.Release|x86.Build.0 = Release|Win32
		{E5F6G7H8-I9J0-1234-EF01-567890123456}.Debug|ARM64.ActiveCfg = Debug|ARM64
		{E5F6G7H8-I9J0-1234-EF01-567890123456}.Debug|ARM64.Build.0 = Debug|ARM64
		{E5F6G7H8-I9J0-1234-EF01-567890123456}.Release|ARM64.ActiveCfg = Release|ARM64
		{E5F6G7H8-I9J0-1234-EF01-567890123456}.Release|ARM64.Build.0 = Release|ARM64
	EndGlobalSection
	GlobalSection(SolutionProperties) = preSolution
		HideSolutionNode = FALSE
	EndGlobalSection
	GlobalSection(ExtensibilityGlobals) = postSolution
		SolutionGuid = {F6G7H8I9-J0K1-2345-F012-678901234567}
	EndGlobalSection
EndGlobal
